<?xml version="1.0" encoding="utf-8"?>
<Project ToolsVersion="4.0" xmlns="http://schemas.microsoft.com/developer/msbuild/2003">
  <ItemGroup>
    <Filter Include="Quelldateien">
      <UniqueIdentifier>{4FC737F1-C7A5-4376-A066-2A32D752A2FF}</UniqueIdentifier>
      <Extensions>cpp;c;cc;cxx;def;odl;idl;hpj;bat;asm;asmx</Extensions>
    </Filter>
    <Filter Include="Headerdateien">
      <UniqueIdentifier>{93995380-89BD-4b04-88EB-625FBE52EBFB}</UniqueIdentifier>
      <Extensions>h;hh;hpp;hxx;hm;inl;inc;ipp;xsd</Extensions>
    </Filter>
    <Filter Include="Ressourcendateien">
      <UniqueIdentifier>{67DA6AB6-F800-4c08-8B7A-83BB121AAD01}</UniqueIdentifier>
      <Extensions>rc;ico;cur;bmp;dlg;rc2;rct;bin;rgs;gif;jpg;jpeg;jpe;resx;tiff;tif;png;wav;mfcribbon-ms</Extensions>
    </Filter>
    <Filter Include="Headerdateien\Scene">
      <UniqueIdentifier>{49b8e25b-1ff4-43e7-892b-26d4634d6ab2}</UniqueIdentifier>
    </Filter>
    <Filter Include="Headerdateien\Managers">
      <UniqueIdentifier>{e8e4b12a-935c-4a04-a976-102db7a76ba9}</UniqueIdentifier>
    </Filter>
    <Filter Include="Quelldateien\Scene">
      <UniqueIdentifier>{e58c5f69-03fa-454d-bb4a-ae0ca176621b}</UniqueIdentifier>
    </Filter>
    <Filter Include="LUA">
      <UniqueIdentifier>{9cb1734c-3f63-44fa-9f8c-71a1f8a4a811}</UniqueIdentifier>
    </Filter>
  </ItemGroup>
  <ItemGroup>
    <ClInclude Include="src\Header\Scene.h">
      <Filter>Headerdateien\Scene</Filter>
    </ClInclude>
    <ClInclude Include="src\Header\SceneManager.h">
      <Filter>Headerdateien\Scene</Filter>
    </ClInclude>
    <ClInclude Include="src\Header\Audio.h">
      <Filter>Headerdateien\Managers</Filter>
    </ClInclude>
    <ClInclude Include="Include\Engine.h">
      <Filter>Headerdateien</Filter>
    </ClInclude>
    <ClInclude Include="src\Header\GameObject.h">
      <Filter>Headerdateien\Scene</Filter>
    </ClInclude>
    <ClInclude Include="src\Header\IComponent.h">
      <Filter>Headerdateien\Scene</Filter>
    </ClInclude>
    <ClInclude Include="Include\RigidBody.h">
      <Filter>Headerdateien</Filter>
    </ClInclude>
    <ClInclude Include="src\Header\PhysicsEngine.h">
      <Filter>Headerdateien\Managers</Filter>
    </ClInclude>
    <ClInclude Include="src\Header\ComponentRigidBody.h">
      <Filter>Headerdateien\Scene</Filter>
    </ClInclude>
    <ClInclude Include="src\Header\ComponentLuaScript.h">
      <Filter>Headerdateien\Scene</Filter>
    </ClInclude>
    <ClInclude Include="src\Header\ComponentTransform.h">
      <Filter>Headerdateien\Scene</Filter>
    </ClInclude>
    <ClInclude Include="src\lua\lapi.h">
      <Filter>LUA</Filter>
    </ClInclude>
    <ClInclude Include="src\lua\lauxlib.h">
      <Filter>LUA</Filter>
    </ClInclude>
    <ClInclude Include="src\lua\lcode.h">
      <Filter>LUA</Filter>
    </ClInclude>
    <ClInclude Include="src\lua\lctype.h">
      <Filter>LUA</Filter>
    </ClInclude>
    <ClInclude Include="src\lua\ldebug.h">
      <Filter>LUA</Filter>
    </ClInclude>
    <ClInclude Include="src\lua\ldo.h">
      <Filter>LUA</Filter>
    </ClInclude>
    <ClInclude Include="src\lua\lfunc.h">
      <Filter>LUA</Filter>
    </ClInclude>
    <ClInclude Include="src\lua\lgc.h">
      <Filter>LUA</Filter>
    </ClInclude>
    <ClInclude Include="src\lua\llex.h">
      <Filter>LUA</Filter>
    </ClInclude>
    <ClInclude Include="src\lua\llimits.h">
      <Filter>LUA</Filter>
    </ClInclude>
    <ClInclude Include="src\lua\lmem.h">
      <Filter>LUA</Filter>
    </ClInclude>
    <ClInclude Include="src\lua\lobject.h">
      <Filter>LUA</Filter>
    </ClInclude>
    <ClInclude Include="src\lua\lopcodes.h">
      <Filter>LUA</Filter>
    </ClInclude>
    <ClInclude Include="src\lua\lparser.h">
      <Filter>LUA</Filter>
    </ClInclude>
    <ClInclude Include="src\lua\lprefix.h">
      <Filter>LUA</Filter>
    </ClInclude>
    <ClInclude Include="src\lua\lstate.h">
      <Filter>LUA</Filter>
    </ClInclude>
    <ClInclude Include="src\lua\lstring.h">
      <Filter>LUA</Filter>
    </ClInclude>
    <ClInclude Include="src\lua\ltable.h">
      <Filter>LUA</Filter>
    </ClInclude>
    <ClInclude Include="src\lua\ltm.h">
      <Filter>LUA</Filter>
    </ClInclude>
    <ClInclude Include="src\lua\lua.h">
      <Filter>LUA</Filter>
    </ClInclude>
    <ClInclude Include="src\lua\lua.hpp">
      <Filter>LUA</Filter>
    </ClInclude>
    <ClInclude Include="src\lua\luaconf.h">
      <Filter>LUA</Filter>
    </ClInclude>
    <ClInclude Include="src\lua\lualib.h">
      <Filter>LUA</Filter>
    </ClInclude>
    <ClInclude Include="src\lua\lundump.h">
      <Filter>LUA</Filter>
    </ClInclude>
    <ClInclude Include="src\lua\lvm.h">
      <Filter>LUA</Filter>
    </ClInclude>
    <ClInclude Include="src\lua\lzio.h">
      <Filter>LUA</Filter>
    </ClInclude>
  </ItemGroup>
  <ItemGroup>
    <ClCompile Include="src\cpp\Engine.cpp">
      <Filter>Quelldateien</Filter>
    </ClCompile>
    <ClCompile Include="src\cpp\Audio.cpp">
      <Filter>Quelldateien</Filter>
    </ClCompile>
    <ClCompile Include="src\cpp\SceneManager.cpp">
      <Filter>Quelldateien</Filter>
    </ClCompile>
    <ClCompile Include="src\cpp\Scene.cpp">
      <Filter>Quelldateien</Filter>
    </ClCompile>
    <ClCompile Include="src\cpp\RigidBody.cpp">
      <Filter>Quelldateien</Filter>
    </ClCompile>
    <ClCompile Include="src\cpp\PhysicsEngine.cpp">
      <Filter>Quelldateien</Filter>
    </ClCompile>
    <ClCompile Include="src\cpp\TransformComponent.cpp">
      <Filter>Quelldateien\Scene</Filter>
    </ClCompile>
    <ClCompile Include="src\cpp\RigidBodyComponent.cpp">
      <Filter>Quelldateien\Scene</Filter>
    </ClCompile>
    <ClCompile Include="src\cpp\GameObject.cpp">
      <Filter>Quelldateien\Scene</Filter>
    </ClCompile>
    <ClCompile Include="src\Header\ScriptComponent.cpp">
      <Filter>Quelldateien\Scene</Filter>
    </ClCompile>
    <ClCompile Include="src\lua\lapi.c">
      <Filter>LUA</Filter>
    </ClCompile>
    <ClCompile Include="src\lua\lauxlib.c">
      <Filter>LUA</Filter>
    </ClCompile>
    <ClCompile Include="src\lua\lbaselib.c">
      <Filter>LUA</Filter>
    </ClCompile>
    <ClCompile Include="src\lua\lbitlib.c">
      <Filter>LUA</Filter>
    </ClCompile>
    <ClCompile Include="src\lua\lcode.c">
      <Filter>LUA</Filter>
    </ClCompile>
    <ClCompile Include="src\lua\lcorolib.c">
      <Filter>LUA</Filter>
    </ClCompile>
    <ClCompile Include="src\lua\lctype.c">
      <Filter>LUA</Filter>
    </ClCompile>
    <ClCompile Include="src\lua\ldblib.c">
      <Filter>LUA</Filter>
    </ClCompile>
    <ClCompile Include="src\lua\ldebug.c">
      <Filter>LUA</Filter>
    </ClCompile>
    <ClCompile Include="src\lua\ldo.c">
      <Filter>LUA</Filter>
    </ClCompile>
    <ClCompile Include="src\lua\ldump.c">
      <Filter>LUA</Filter>
    </ClCompile>
    <ClCompile Include="src\lua\lfunc.c">
      <Filter>LUA</Filter>
    </ClCompile>
    <ClCompile Include="src\lua\lgc.c">
      <Filter>LUA</Filter>
    </ClCompile>
    <ClCompile Include="src\lua\linit.c">
      <Filter>LUA</Filter>
    </ClCompile>
    <ClCompile Include="src\lua\liolib.c">
      <Filter>LUA</Filter>
    </ClCompile>
    <ClCompile Include="src\lua\llex.c">
      <Filter>LUA</Filter>
    </ClCompile>
    <ClCompile Include="src\lua\lmathlib.c">
      <Filter>LUA</Filter>
    </ClCompile>
    <ClCompile Include="src\lua\lmem.c">
      <Filter>LUA</Filter>
    </ClCompile>
    <ClCompile Include="src\lua\loadlib.c">
      <Filter>LUA</Filter>
    </ClCompile>
    <ClCompile Include="src\lua\lobject.c">
      <Filter>LUA</Filter>
    </ClCompile>
    <ClCompile Include="src\lua\lopcodes.c">
      <Filter>LUA</Filter>
    </ClCompile>
    <ClCompile Include="src\lua\loslib.c">
      <Filter>LUA</Filter>
    </ClCompile>
    <ClCompile Include="src\lua\lparser.c">
      <Filter>LUA</Filter>
    </ClCompile>
    <ClCompile Include="src\lua\lstate.c">
      <Filter>LUA</Filter>
    </ClCompile>
    <ClCompile Include="src\lua\lstring.c">
      <Filter>LUA</Filter>
    </ClCompile>
    <ClCompile Include="src\lua\lstrlib.c">
      <Filter>LUA</Filter>
    </ClCompile>
    <ClCompile Include="src\lua\ltable.c">
      <Filter>LUA</Filter>
    </ClCompile>
    <ClCompile Include="src\lua\ltablib.c">
      <Filter>LUA</Filter>
    </ClCompile>
    <ClCompile Include="src\lua\ltm.c">
      <Filter>LUA</Filter>
    </ClCompile>
    <ClCompile Include="src\lua\lua.c">
      <Filter>LUA</Filter>
    </ClCompile>
    <ClCompile Include="src\lua\luac.c">
      <Filter>LUA</Filter>
    </ClCompile>
    <ClCompile Include="src\lua\lundump.c">
      <Filter>LUA</Filter>
    </ClCompile>
    <ClCompile Include="src\lua\lutf8lib.c">
      <Filter>LUA</Filter>
    </ClCompile>
    <ClCompile Include="src\lua\lvm.c">
      <Filter>LUA</Filter>
    </ClCompile>
    <ClCompile Include="src\lua\lzio.c">
      <Filter>LUA</Filter>
    </ClCompile>
  </ItemGroup>
</Project>